
Microsoft Visual Studio Solution File, Format Version 12.00
# Visual Studio Version 17
VisualStudioVersion = 17.12.35707.178 d17.12
MinimumVisualStudioVersion = 10.0.40219.1
Project("{FAE04EC0-301F-11D3-BF4B-00C04F79EFBC}") = "ShopProductManagerApp", "ShopProductManagerApp.csproj", "{218F6F72-70C8-4A93-BAAE-C61FCAEC8B9D}"
EndProject
Global
	GlobalSection(SolutionConfigurationPlatforms) = preSolution
		Debug|Any CPU = Debug|Any CPU
		Release|Any CPU = Release|Any CPU
	EndGlobalSection
	GlobalSection(ProjectConfigurationPlatforms) = postSolution
		{218F6F72-70C8-4A93-BAAE-C61FCAEC8B9D}.Debug|Any CPU.ActiveCfg = Debug|Any CPU
		{218F6F72-70C8-4A93-BAAE-C61FCAEC8B9D}.Debug|Any CPU.Build.0 = Debug|Any CPU
		{218F6F72-70C8-4A93-BAAE-C61FCAEC8B9D}.Release|Any CPU.ActiveCfg = Release|Any CPU
		{218F6F72-70C8-4A93-BAAE-C61FCAEC8B9D}.Release|Any CPU.Build.0 = Release|Any CPU
	EndGlobalSection
	GlobalSection(SolutionProperties) = preSolution
		HideSolutionNode = FALSE
	EndGlobalSection
EndGlobal
